
Microsoft Visual Studio Solution File, Format Version 12.00
# Visual Studio Version 17
VisualStudioVersion = 17.8.34511.84
MinimumVisualStudioVersion = 10.0.40219.1
Project("{FAE04EC0-301F-11D3-BF4B-00C04F79EFBC}") = "ConsoleAppLab4", "ConsoleAppLab4\ConsoleAppLab4.csproj", "{DB06A740-E5B4-4647-AFD4-3256D0C7D68F}"
EndProject
Global
	GlobalSection(SolutionConfigurationPlatforms) = preSolution
		Debug|Any CPU = Debug|Any CPU
		Release|Any CPU = Release|Any CPU
	EndGlobalSection
	GlobalSection(ProjectConfigurationPlatforms) = postSolution
		{DB06A740-E5B4-4647-AFD4-3256D0C7D68F}.Debug|Any CPU.ActiveCfg = Debug|Any CPU
		{DB06A740-E5B4-4647-AFD4-3256D0C7D68F}.Debug|Any CPU.Build.0 = Debug|Any CPU
		{DB06A740-E5B4-4647-AFD4-3256D0C7D68F}.Release|Any CPU.ActiveCfg = Release|Any CPU
		{DB06A740-E5B4-4647-AFD4-3256D0C7D68F}.Release|Any CPU.Build.0 = Release|Any CPU
	EndGlobalSection
	GlobalSection(SolutionProperties) = preSolution
		HideSolutionNode = FALSE
	EndGlobalSection
	GlobalSection(ExtensibilityGlobals) = postSolution
		SolutionGuid = {893B8141-77FC-47D4-B034-E029C9E49303}
	EndGlobalSection
EndGlobal
